
Microsoft Visual Studio Solution File, Format Version 12.00
# Visual Studio 15
VisualStudioVersion = 15.0.28307.645
MinimumVisualStudioVersion = 10.0.40219.1
Project("{FAE04EC0-301F-11D3-BF4B-00C04F79EFBC}") = "ProgressBar", "ProgressBar\ProgressBar.csproj", "{FC24FE26-317B-4042-BB8B-F56D1604A92C}"
EndProject
Global
	GlobalSection(SolutionConfigurationPlatforms) = preSolution
		Debug|Any CPU = Debug|Any CPU
		Release|Any CPU = Release|Any CPU
	EndGlobalSection
	GlobalSection(ProjectConfigurationPlatforms) = postSolution
		{FC24FE26-317B-4042-BB8B-F56D1604A92C}.Debug|Any CPU.ActiveCfg = Debug|Any CPU
		{FC24FE26-317B-4042-BB8B-F56D1604A92C}.Debug|Any CPU.Build.0 = Debug|Any CPU
		{FC24FE26-317B-4042-BB8B-F56D1604A92C}.Release|Any CPU.ActiveCfg = Release|Any CPU
		{FC24FE26-317B-4042-BB8B-F56D1604A92C}.Release|Any CPU.Build.0 = Release|Any CPU
	EndGlobalSection
	GlobalSection(SolutionProperties) = preSolution
		HideSolutionNode = FALSE
	EndGlobalSection
	GlobalSection(ExtensibilityGlobals) = postSolution
		SolutionGuid = {19EFCAAF-B326-4E5F-99E5-F357BABB5FDE}
	EndGlobalSection
EndGlobal
